
Microsoft Visual Studio Solution File, Format Version 12.00
# Visual Studio Version 16
VisualStudioVersion = 25.0.1700.0
MinimumVisualStudioVersion = 10.0.40219.1
Project("{FAE04EC0-301F-11D3-BF4B-00C04F79EFBC}") = "RefactoringDemo", "RefactoringDemo.csproj", "{7B1A4AA9-4775-44DE-B7A2-CB4F1B76DA80}"
EndProject
Global
	GlobalSection(SolutionConfigurationPlatforms) = preSolution
		Debug|Any CPU = Debug|Any CPU
		Release|Any CPU = Release|Any CPU
	EndGlobalSection
	GlobalSection(ProjectConfigurationPlatforms) = postSolution
		{7B1A4AA9-4775-44DE-B7A2-CB4F1B76DA80}.Debug|Any CPU.ActiveCfg = Debug|Any CPU
		{7B1A4AA9-4775-44DE-B7A2-CB4F1B76DA80}.Debug|Any CPU.Build.0 = Debug|Any CPU
		{7B1A4AA9-4775-44DE-B7A2-CB4F1B76DA80}.Release|Any CPU.ActiveCfg = Release|Any CPU
		{7B1A4AA9-4775-44DE-B7A2-CB4F1B76DA80}.Release|Any CPU.Build.0 = Release|Any CPU
	EndGlobalSection
	GlobalSection(SolutionProperties) = preSolution
		HideSolutionNode = FALSE
	EndGlobalSection
	GlobalSection(ExtensibilityGlobals) = postSolution
		SolutionGuid = {4B2BEA3F-030B-4E80-8AA7-1787ED47B328}
	EndGlobalSection
EndGlobal
